
Microsoft Visual Studio Solution File, Format Version 12.00
# Visual Studio Version 17
VisualStudioVersion = 17.13.35825.156 d17.13
MinimumVisualStudioVersion = 10.0.40219.1
Project("{FAE04EC0-301F-11D3-BF4B-00C04F79EFBC}") = "bitwarden-export-processor", "bitwarden-export-processor.csproj", "{BEF1515A-0AEB-40FD-90BA-BCB4CE19B411}"
EndProject
Global
	GlobalSection(SolutionConfigurationPlatforms) = preSolution
		Debug|Any CPU = Debug|Any CPU
		Release|Any CPU = Release|Any CPU
	EndGlobalSection
	GlobalSection(ProjectConfigurationPlatforms) = postSolution
		{BEF1515A-0AEB-40FD-90BA-BCB4CE19B411}.Debug|Any CPU.ActiveCfg = Debug|Any CPU
		{BEF1515A-0AEB-40FD-90BA-BCB4CE19B411}.Debug|Any CPU.Build.0 = Debug|Any CPU
		{BEF1515A-0AEB-40FD-90BA-BCB4CE19B411}.Release|Any CPU.ActiveCfg = Release|Any CPU
		{BEF1515A-0AEB-40FD-90BA-BCB4CE19B411}.Release|Any CPU.Build.0 = Release|Any CPU
	EndGlobalSection
	GlobalSection(SolutionProperties) = preSolution
		HideSolutionNode = FALSE
	EndGlobalSection
	GlobalSection(ExtensibilityGlobals) = postSolution
		SolutionGuid = {95D51EB8-44EE-4620-89EE-1A5BCB422D3A}
	EndGlobalSection
EndGlobal
